
Microsoft Visual Studio Solution File, Format Version 12.00
# Visual Studio 2012
Project("{FAE04EC0-301F-11D3-BF4B-00C04F79EFBC}") = "SendMsgService", "SendMsgService1\SendMsgService.csproj", "{EEFF30D7-15F5-4677-A8B2-446A274A620C}"
EndProject
Project("{FAE04EC0-301F-11D3-BF4B-00C04F79EFBC}") = "SMTSendMessage", "SMTSendMessage\SMTSendMessage.csproj", "{2C22E903-46A8-40D4-B368-1425C9590C3C}"
EndProject
Global
	GlobalSection(SolutionConfigurationPlatforms) = preSolution
		Debug|Any CPU = Debug|Any CPU
		Release|Any CPU = Release|Any CPU
	EndGlobalSection
	GlobalSection(ProjectConfigurationPlatforms) = postSolution
		{EEFF30D7-15F5-4677-A8B2-446A274A620C}.Debug|Any CPU.ActiveCfg = Debug|Any CPU
		{EEFF30D7-15F5-4677-A8B2-446A274A620C}.Debug|Any CPU.Build.0 = Debug|Any CPU
		{EEFF30D7-15F5-4677-A8B2-446A274A620C}.Release|Any CPU.ActiveCfg = Release|Any CPU
		{EEFF30D7-15F5-4677-A8B2-446A274A620C}.Release|Any CPU.Build.0 = Release|Any CPU
		{2C22E903-46A8-40D4-B368-1425C9590C3C}.Debug|Any CPU.ActiveCfg = Debug|Any CPU
		{2C22E903-46A8-40D4-B368-1425C9590C3C}.Debug|Any CPU.Build.0 = Debug|Any CPU
		{2C22E903-46A8-40D4-B368-1425C9590C3C}.Release|Any CPU.ActiveCfg = Release|Any CPU
		{2C22E903-46A8-40D4-B368-1425C9590C3C}.Release|Any CPU.Build.0 = Release|Any CPU
	EndGlobalSection
	GlobalSection(SolutionProperties) = preSolution
		HideSolutionNode = FALSE
	EndGlobalSection
EndGlobal
